
Microsoft Visual Studio Solution File, Format Version 12.00
# Visual Studio Version 17
VisualStudioVersion = 17.10.35013.160
MinimumVisualStudioVersion = 10.0.40219.1
Project("{FAE04EC0-301F-11D3-BF4B-00C04F79EFBC}") = "Calculator", "Calculator\Calculator.csproj", "{B17AD839-1C4D-4661-84FA-EB27229CD1BD}"
EndProject
Global
	GlobalSection(SolutionConfigurationPlatforms) = preSolution
		Debug|Any CPU = Debug|Any CPU
		Release|Any CPU = Release|Any CPU
	EndGlobalSection
	GlobalSection(ProjectConfigurationPlatforms) = postSolution
		{B17AD839-1C4D-4661-84FA-EB27229CD1BD}.Debug|Any CPU.ActiveCfg = Debug|Any CPU
		{B17AD839-1C4D-4661-84FA-EB27229CD1BD}.Debug|Any CPU.Build.0 = Debug|Any CPU
		{B17AD839-1C4D-4661-84FA-EB27229CD1BD}.Release|Any CPU.ActiveCfg = Release|Any CPU
		{B17AD839-1C4D-4661-84FA-EB27229CD1BD}.Release|Any CPU.Build.0 = Release|Any CPU
	EndGlobalSection
	GlobalSection(SolutionProperties) = preSolution
		HideSolutionNode = FALSE
	EndGlobalSection
	GlobalSection(ExtensibilityGlobals) = postSolution
		SolutionGuid = {6A9D7C38-C75F-4107-A2E7-021844F9DBDE}
	EndGlobalSection
EndGlobal
